// !$*UTF8*$!
{
	archiveVersion = 1;
	classes = {
	};
	objectVersion = 46;
	objects = {

/* Begin PBXBuildFile section */
		506808151CA27A9F0040DB97 /* AppDelegate.swift in Sources */ = {isa = PBXBuildFile; fileRef = 506808141CA27A9F0040DB97 /* AppDelegate.swift */; };
		506808171CA27A9F0040DB97 /* ViewController.swift in Sources */ = {isa = PBXBuildFile; fileRef = 506808161CA27A9F0040DB97 /* ViewController.swift */; };
		5068081A1CA27A9F0040DB97 /* Main.storyboard in Resources */ = {isa = PBXBuildFile; fileRef = 506808181CA27A9F0040DB97 /* Main.storyboard */; };
		5068081C1CA27A9F0040DB97 /* Images.xcassets in Resources */ = {isa = PBXBuildFile; fileRef = 5068081B1CA27A9F0040DB97 /* Images.xcassets */; };
		5068081F1CA27A9F0040DB97 /* LaunchScreen.xib in Resources */ = {isa = PBXBuildFile; fileRef = 5068081D1CA27A9F0040DB97 /* LaunchScreen.xib */; };
		5068082B1CA27A9F0040DB97 /* NetworkConnectionBackgroundTests.swift in Sources */ = {isa = PBXBuildFile; fileRef = 5068082A1CA27A9F0040DB97 /* NetworkConnectionBackgroundTests.swift */; };
/* End PBXBuildFile section */

/* Begin PBXContainerItemProxy section */
		506808251CA27A9F0040DB97 /* PBXContainerItemProxy */ = {
			isa = PBXContainerItemProxy;
			containerPortal = 506808071CA27A9F0040DB97 /* Project object */;
			proxyType = 1;
			remoteGlobalIDString = 5068080E1CA27A9F0040DB97;
			remoteInfo = NetworkConnectionBackground;
		};
/* End PBXContainerItemProxy section */

/* Begin PBXFileReference section */
		5068080F1CA27A9F0040DB97 /* NetworkConnectionBackground.app */ = {isa = PBXFileReference; explicitFileType = wrapper.application; includeInIndex = 0; path = NetworkConnectionBackground.app; sourceTree = BUILT_PRODUCTS_DIR; };
		506808131CA27A9F0040DB97 /* Info.plist */ = {isa = PBXFileReference; lastKnownFileType = text.plist.xml; path = Info.plist; sourceTree = "<group>"; };
		506808141CA27A9F0040DB97 /* AppDelegate.swift */ = {isa = PBXFileReference; lastKnownFileType = sourcecode.swift; path = AppDelegate.swift; sourceTree = "<group>"; };
		506808161CA27A9F0040DB97 /* ViewController.swift */ = {isa = PBXFileReference; lastKnownFileType = sourcecode.swift; path = ViewController.swift; sourceTree = "<group>"; };
		506808191CA27A9F0040DB97 /* Base */ = {isa = PBXFileReference; lastKnownFileType = file.storyboard; name = Base; path = Base.lproj/Main.storyboard; sourceTree = "<group>"; };
		5068081B1CA27A9F0040DB97 /* Images.xcassets */ = {isa = PBXFileReference; lastKnownFileType = folder.assetcatalog; path = Images.xcassets; sourceTree = "<group>"; };
		5068081E1CA27A9F0040DB97 /* Base */ = {isa = PBXFileReference; lastKnownFileType = file.xib; name = Base; path = Base.lproj/LaunchScreen.xib; sourceTree = "<group>"; };
		506808241CA27A9F0040DB97 /* NetworkConnectionBackgroundTests.xctest */ = {isa = PBXFileReference; explicitFileType = wrapper.cfbundle; includeInIndex = 0; path = NetworkConnectionBackgroundTests.xctest; sourceTree = BUILT_PRODUCTS_DIR; };
		506808291CA27A9F0040DB97 /* Info.plist */ = {isa = PBXFileReference; lastKnownFileType = text.plist.xml; path = Info.plist; sourceTree = "<group>"; };
		5068082A1CA27A9F0040DB97 /* NetworkConnectionBackgroundTests.swift */ = {isa = PBXFileReference; lastKnownFileType = sourcecode.swift; path = NetworkConnectionBackgroundTests.swift; sourceTree = "<group>"; };
/* End PBXFileReference section */

/* Begin PBXFrameworksBuildPhase section */
		5068080C1CA27A9F0040DB97 /* Frameworks */ = {
			isa = PBXFrameworksBuildPhase;
			buildActionMask = 2147483647;
			files = (
			);
			runOnlyForDeploymentPostprocessing = 0;
		};
		506808211CA27A9F0040DB97 /* Frameworks */ = {
			isa = PBXFrameworksBuildPhase;
			buildActionMask = 2147483647;
			files = (
			);
			runOnlyForDeploymentPostprocessing = 0;
		};
/* End PBXFrameworksBuildPhase section */

/* Begin PBXGroup section */
		506808061CA27A9F0040DB97 = {
			isa = PBXGroup;
			children = (
				506808111CA27A9F0040DB97 /* NetworkConnectionBackground */,
				506808271CA27A9F0040DB97 /* NetworkConnectionBackgroundTests */,
				506808101CA27A9F0040DB97 /* Products */,
			);
			sourceTree = "<group>";
		};
		506808101CA27A9F0040DB97 /* Products */ = {
			isa = PBXGroup;
			children = (
				5068080F1CA27A9F0040DB97 /* NetworkConnectionBackground.app */,
				506808241CA27A9F0040DB97 /* NetworkConnectionBackgroundTests.xctest */,
			);
			name = Products;
			sourceTree = "<group>";
		};
		506808111CA27A9F0040DB97 /* NetworkConnectionBackground */ = {
			isa = PBXGroup;
			children = (
				506808141CA27A9F0040DB97 /* AppDelegate.swift */,
				506808161CA27A9F0040DB97 /* ViewController.swift */,
				506808181CA27A9F0040DB97 /* Main.storyboard */,
				5068081B1CA27A9F0040DB97 /* Images.xcassets */,
				5068081D1CA27A9F0040DB97 /* LaunchScreen.xib */,
				506808121CA27A9F0040DB97 /* Supporting Files */,
			);
			path = NetworkConnectionBackground;
			sourceTree = "<group>";
		};
		506808121CA27A9F0040DB97 /* Supporting Files */ = {
			isa = PBXGroup;
			children = (
				506808131CA27A9F0040DB97 /* Info.plist */,
			);
			name = "Supporting Files";
			sourceTree = "<group>";
		};
		506808271CA27A9F0040DB97 /* NetworkConnectionBackgroundTests */ = {
			isa = PBXGroup;
			children = (
				5068082A1CA27A9F0040DB97 /* NetworkConnectionBackgroundTests.swift */,
				506808281CA27A9F0040DB97 /* Supporting Files */,
			);
			path = NetworkConnectionBackgroundTests;
			sourceTree = "<group>";
		};
		506808281CA27A9F0040DB97 /* Supporting Files */ = {
			isa = PBXGroup;
			children = (
				506808291CA27A9F0040DB97 /* Info.plist */,
			);
			name = "Supporting Files";
			sourceTree = "<group>";
		};
/* End PBXGroup section */

/* Begin PBXNativeTarget section */
		5068080E1CA27A9F0040DB97 /* NetworkConnectionBackground */ = {
			isa = PBXNativeTarget;
			buildConfigurationList = 5068082E1CA27A9F0040DB97 /* Build configuration list for PBXNativeTarget "NetworkConnectionBackground" */;
			buildPhases = (
				5068080B1CA27A9F0040DB97 /* Sources */,
				5068080C1CA27A9F0040DB97 /* Frameworks */,
				5068080D1CA27A9F0040DB97 /* Resources */,
			);
			buildRules = (
			);
			dependencies = (
			);
			name = NetworkConnectionBackground;
			productName = NetworkConnectionBackground;
			productReference = 5068080F1CA27A9F0040DB97 /* NetworkConnectionBackground.app */;
			productType = "com.apple.product-type.application";
		};
		506808231CA27A9F0040DB97 /* NetworkConnectionBackgroundTests */ = {
			isa = PBXNativeTarget;
			buildConfigurationList = 506808311CA27A9F0040DB97 /* Build configuration list for PBXNativeTarget "NetworkConnectionBackgroundTests" */;
			buildPhases = (
				506808201CA27A9F0040DB97 /* Sources */,
				506808211CA27A9F0040DB97 /* Frameworks */,
				506808221CA27A9F0040DB97 /* Resources */,
			);
			buildRules = (
			);
			dependencies = (
				506808261CA27A9F0040DB97 /* PBXTargetDependency */,
			);
			name = NetworkConnectionBackgroundTests;
			productName = NetworkConnectionBackgroundTests;
			productReference = 506808241CA27A9F0040DB97 /* NetworkConnectionBackgroundTests.xctest */;
			productType = "com.apple.product-type.bundle.unit-test";
		};
/* End PBXNativeTarget section */

/* Begin PBXProject section */
		506808071CA27A9F0040DB97 /* Project object */ = {
			isa = PBXProject;
			attributes = {
				LastUpgradeCheck = 0610;
				ORGANIZATIONNAME = Enclave;
				TargetAttributes = {
					5068080E1CA27A9F0040DB97 = {
						CreatedOnToolsVersion = 6.1;
					};
					506808231CA27A9F0040DB97 = {
						CreatedOnToolsVersion = 6.1;
						TestTargetID = 5068080E1CA27A9F0040DB97;
					};
				};
			};
			buildConfigurationList = 5068080A1CA27A9F0040DB97 /* Build configuration list for PBXProject "NetworkConnectionBackground" */;
			compatibilityVersion = "Xcode 3.2";
			developmentRegion = English;
			hasScannedForEncodings = 0;
			knownRegions = (
				en,
				Base,
			);
			mainGroup = 506808061CA27A9F0040DB97;
			productRefGroup = 506808101CA27A9F0040DB97 /* Products */;
			projectDirPath = "";
			projectRoot = "";
			targets = (
				5068080E1CA27A9F0040DB97 /* NetworkConnectionBackground */,
				506808231CA27A9F0040DB97 /* NetworkConnectionBackgroundTests */,
			);
		};
/* End PBXProject section */

/* Begin PBXResourcesBuildPhase section */
		5068080D1CA27A9F0040DB97 /* Resources */ = {
			isa = PBXResourcesBuildPhase;
			buildActionMask = 2147483647;
			files = (
				5068081A1CA27A9F0040DB97 /* Main.storyboard in Resources */,
				5068081F1CA27A9F0040DB97 /* LaunchScreen.xib in Resources */,
				5068081C1CA27A9F0040DB97 /* Images.xcassets in Resources */,
			);
			runOnlyForDeploymentPostprocessing = 0;
		};
		506808221CA27A9F0040DB97 /* Resources */ = {
			isa = PBXResourcesBuildPhase;
			buildActionMask = 2147483647;
			files = (
			);
			runOnlyForDeploymentPostprocessing = 0;
		};
/* End PBXResourcesBuildPhase section */

/* Begin PBXSourcesBuildPhase section */
		5068080B1CA27A9F0040DB97 /* Sources */ = {
			isa = PBXSourcesBuildPhase;
			buildActionMask = 2147483647;
			files = (
				506808171CA27A9F0040DB97 /* ViewController.swift in Sources */,
				506808151CA27A9F0040DB97 /* AppDelegate.swift in Sources */,
			);
			runOnlyForDeploymentPostprocessing = 0;
		};
		506808201CA27A9F0040DB97 /* Sources */ = {
			isa = PBXSourcesBuildPhase;
			buildActionMask = 2147483647;
			files = (
				5068082B1CA27A9F0040DB97 /* NetworkConnectionBackgroundTests.swift in Sources */,
			);
			runOnlyForDeploymentPostprocessing = 0;
		};
/* End PBXSourcesBuildPhase section */

/* Begin PBXTargetDependency section */
		506808261CA27A9F0040DB97 /* PBXTargetDependency */ = {
			isa = PBXTargetDependency;
			target = 5068080E1CA27A9F0040DB97 /* NetworkConnectionBackground */;
			targetProxy = 506808251CA27A9F0040DB97 /* PBXContainerItemProxy */;
		};
/* End PBXTargetDependency section */

/* Begin PBXVariantGroup section */
		506808181CA27A9F0040DB97 /* Main.storyboard */ = {
			isa = PBXVariantGroup;
			children = (
				506808191CA27A9F0040DB97 /* Base */,
			);
			name = Main.storyboard;
			sourceTree = "<group>";
		};
		5068081D1CA27A9F0040DB97 /* LaunchScreen.xib */ = {
			isa = PBXVariantGroup;
			children = (
				5068081E1CA27A9F0040DB97 /* Base */,
			);
			name = LaunchScreen.xib;
			sourceTree = "<group>";
		};
/* End PBXVariantGroup section */

/* Begin XCBuildConfiguration section */
		5068082C1CA27A9F0040DB97 /* Debug */ = {
			isa = XCBuildConfiguration;
			buildSettings = {
				ALWAYS_SEARCH_USER_PATHS = NO;
				CLANG_CXX_LANGUAGE_STANDARD = "gnu++0x";
				CLANG_CXX_LIBRARY = "libc++";
				CLANG_ENABLE_MODULES = YES;
				CLANG_ENABLE_OBJC_ARC = YES;
				CLANG_WARN_BOOL_CONVERSION = YES;
				CLANG_WARN_CONSTANT_CONVERSION = YES;
				CLANG_WARN_DIRECT_OBJC_ISA_USAGE = YES_ERROR;
				CLANG_WARN_EMPTY_BODY = YES;
				CLANG_WARN_ENUM_CONVERSION = YES;
				CLANG_WARN_INT_CONVERSION = YES;
				CLANG_WARN_OBJC_ROOT_CLASS = YES_ERROR;
				CLANG_WARN_UNREACHABLE_CODE = YES;
				CLANG_WARN__DUPLICATE_METHOD_MATCH = YES;
				"CODE_SIGN_IDENTITY[sdk=iphoneos*]" = "iPhone Developer";
				COPY_PHASE_STRIP = NO;
				ENABLE_STRICT_OBJC_MSGSEND = YES;
				GCC_C_LANGUAGE_STANDARD = gnu99;
				GCC_DYNAMIC_NO_PIC = NO;
				GCC_OPTIMIZATION_LEVEL = 0;
				GCC_PREPROCESSOR_DEFINITIONS = (
					"DEBUG=1",
					"$(inherited)",
				);
				GCC_SYMBOLS_PRIVATE_EXTERN = NO;
				GCC_WARN_64_TO_32_BIT_CONVERSION = YES;
				GCC_WARN_ABOUT_RETURN_TYPE = YES_ERROR;
				GCC_WARN_UNDECLARED_SELECTOR = YES;
				GCC_WARN_UNINITIALIZED_AUTOS = YES_AGGRESSIVE;
				GCC_WARN_UNUSED_FUNCTION = YES;
				GCC_WARN_UNUSED_VARIABLE = YES;
				IPHONEOS_DEPLOYMENT_TARGET = 8.1;
				MTL_ENABLE_DEBUG_INFO = YES;
				ONLY_ACTIVE_ARCH = YES;
				SDKROOT = iphoneos;
				SWIFT_OPTIMIZATION_LEVEL = "-Onone";
			};
			name = Debug;
		};
		5068082D1CA27A9F0040DB97 /* Release */ = {
			isa = XCBuildConfiguration;
			buildSettings = {
				ALWAYS_SEARCH_USER_PATHS = NO;
				CLANG_CXX_LANGUAGE_STANDARD = "gnu++0x";
				CLANG_CXX_LIBRARY = "libc++";
				CLANG_ENABLE_MODULES = YES;
				CLANG_ENABLE_OBJC_ARC = YES;
				CLANG_WARN_BOOL_CONVERSION = YES;
				CLANG_WARN_CONSTANT_CONVERSION = YES;
				CLANG_WARN_DIRECT_OBJC_ISA_USAGE = YES_ERROR;
				CLANG_WARN_EMPTY_BODY = YES;
				CLANG_WARN_ENUM_CONVERSION = YES;
				CLANG_WARN_INT_CONVERSION = YES;
				CLANG_WARN_OBJC_ROOT_CLASS = YES_ERROR;
				CLANG_WARN_UNREACHABLE_CODE = YES;
				CLANG_WARN__DUPLICATE_METHOD_MATCH = YES;
				"CODE_SIGN_IDENTITY[sdk=iphoneos*]" = "iPhone Developer";
				COPY_PHASE_STRIP = YES;
				ENABLE_NS_ASSERTIONS = NO;
				ENABLE_STRICT_OBJC_MSGSEND = YES;
				GCC_C_LANGUAGE_STANDARD = gnu99;
				GCC_WARN_64_TO_32_BIT_CONVERSION = YES;
				GCC_WARN_ABOUT_RETURN_TYPE = YES_ERROR;
				GCC_WARN_UNDECLARED_SELECTOR = YES;
				GCC_WARN_UNINITIALIZED_AUTOS = YES_AGGRESSIVE;
				GCC_WARN_UNUSED_FUNCTION = YES;
				GCC_WARN_UNUSED_VARIABLE = YES;
				IPHONEOS_DEPLOYMENT_TARGET = 8.1;
				MTL_ENABLE_DEBUG_INFO = NO;
				SDKROOT = iphoneos;
				VALIDATE_PRODUCT = YES;
			};
			name = Release;
		};
		5068082F1CA27A9F0040DB97 /* Debug */ = {
			isa = XCBuildConfiguration;
			buildSettings = {
				ASSETCATALOG_COMPILER_APPICON_NAME = AppIcon;
				INFOPLIST_FILE = NetworkConnectionBackground/Info.plist;
				LD_RUNPATH_SEARCH_PATHS = "$(inherited) @executable_path/Frameworks";
				PRODUCT_NAME = "$(TARGET_NAME)";
			};
			name = Debug;
		};
		506808301CA27A9F0040DB97 /* Release */ = {
			isa = XCBuildConfiguration;
			buildSettings = {
				ASSETCATALOG_COMPILER_APPICON_NAME = AppIcon;
				INFOPLIST_FILE = NetworkConnectionBackground/Info.plist;
				LD_RUNPATH_SEARCH_PATHS = "$(inherited) @executable_path/Frameworks";
				PRODUCT_NAME = "$(TARGET_NAME)";
			};
			name = Release;
		};
		506808321CA27A9F0040DB97 /* Debug */ = {
			isa = XCBuildConfiguration;
			buildSettings = {
				BUNDLE_LOADER = "$(TEST_HOST)";
				FRAMEWORK_SEARCH_PATHS = (
					"$(SDKROOT)/Developer/Library/Frameworks",
					"$(inherited)",
				);
				GCC_PREPROCESSOR_DEFINITIONS = (
					"DEBUG=1",
					"$(inherited)",
				);
				INFOPLIST_FILE = NetworkConnectionBackgroundTests/Info.plist;
				LD_RUNPATH_SEARCH_PATHS = "$(inherited) @executable_path/Frameworks @loader_path/Frameworks";
				PRODUCT_NAME = "$(TARGET_NAME)";
				TEST_HOST = "$(BUILT_PRODUCTS_DIR)/NetworkConnectionBackground.app/NetworkConnectionBackground";
			};
			name = Debug;
		};
		506808331CA27A9F0040DB97 /* Release */ = {
			isa = XCBuildConfiguration;
			buildSettings = {
				BUNDLE_LOADER = "$(TEST_HOST)";
				FRAMEWORK_SEARCH_PATHS = (
					"$(SDKROOT)/Developer/Library/Frameworks",
					"$(inherited)",
				);
				INFOPLIST_FILE = NetworkConnectionBackgroundTests/Info.plist;
				LD_RUNPATH_SEARCH_PATHS = "$(inherited) @executable_path/Frameworks @loader_path/Frameworks";
				PRODUCT_NAME = "$(TARGET_NAME)";
				TEST_HOST = "$(BUILT_PRODUCTS_DIR)/NetworkConnectionBackground.app/NetworkConnectionBackground";
			};
			name = Release;
		};
/* End XCBuildConfiguration section */

/* Begin XCConfigurationList section */
		5068080A1CA27A9F0040DB97 /* Build configuration list for PBXProject "NetworkConnectionBackground" */ = {
			isa = XCConfigurationList;
			buildConfigurations = (
				5068082C1CA27A9F0040DB97 /* Debug */,
				5068082D1CA27A9F0040DB97 /* Release */,
			);
			defaultConfigurationIsVisible = 0;
			defaultConfigurationName = Release;
		};
		5068082E1CA27A9F0040DB97 /* Build configuration list for PBXNativeTarget "NetworkConnectionBackground" */ = {
			isa = XCConfigurationList;
			buildConfigurations = (
				5068082F1CA27A9F0040DB97 /* Debug */,
				506808301CA27A9F0040DB97 /* Release */,
			);
			defaultConfigurationIsVisible = 0;
		};
		506808311CA27A9F0040DB97 /* Build configuration list for PBXNativeTarget "NetworkConnectionBackgroundTests" */ = {
			isa = XCConfigurationList;
			buildConfigurations = (
				506808321CA27A9F0040DB97 /* Debug */,
				506808331CA27A9F0040DB97 /* Release */,
			);
			defaultConfigurationIsVisible = 0;
		};
/* End XCConfigurationList section */
	};
	rootObject = 506808071CA27A9F0040DB97 /* Project object */;
}
